<?xml version="1.0" encoding="utf-8"?>
<Project ToolsVersion="4.0" xmlns="http://schemas.microsoft.com/developer/msbuild/2003">
  <ItemGroup>
    <Filter Include="Source Files">
      <UniqueIdentifier>{862ded5f-3cf8-4b39-a034-df80d5793871}</UniqueIdentifier>
      <Extensions>cpp;c;cxx;def;odl;idl;hpj;bat;asm</Extensions>
    </Filter>
    <Filter Include="Header Files">
      <UniqueIdentifier>{dd57d850-17c3-4657-b501-1de3b5324ca5}</UniqueIdentifier>
      <Extensions>h;hpp;hxx;hm;inl;inc</Extensions>
    </Filter>
    <Filter Include="Resource Files">
      <UniqueIdentifier>{2b813891-175f-45ac-b2a9-c4393c679352}</UniqueIdentifier>
      <Extensions>rc;ico;cur;bmp;dlg;rc2;rct;bin;rgs;jpg;jpeg;jpe;manifest</Extensions>
    </Filter>
    <Filter Include="Header Files\wtl">
      <UniqueIdentifier>{55781958-7e3d-4283-a247-0a2cd10705c7}</UniqueIdentifier>
    </Filter>
  </ItemGroup>
  <ItemGroup>
    <ClCompile Include="stdafx.cpp">
      <Filter>Source Files</Filter>
    </ClCompile>
    <ClCompile Include="MainFrm.cpp">
      <Filter>Source Files</Filter>
    </ClCompile>
    <ClCompile Include="AboutDlg.cpp">
      <Filter>Source Files</Filter>
    </ClCompile>
    <ClCompile Include="MabinogiPackageTool.cpp">
      <Filter>Source Files</Filter>
    </ClCompile>
    <ClCompile Include="MabinogiPackageToolView.cpp">
      <Filter>Source Files</Filter>
    </ClCompile>
  </ItemGroup>
  <ItemGroup>
    <ClInclude Include="stdafx.h">
      <Filter>Header Files</Filter>
    </ClInclude>
    <ClInclude Include="MainFrm.h">
      <Filter>Header Files</Filter>
    </ClInclude>
    <ClInclude Include="AboutDlg.h">
      <Filter>Header Files</Filter>
    </ClInclude>
    <ClInclude Include="resource.h">
      <Filter>Header Files</Filter>
    </ClInclude>
    <ClInclude Include="MabinogiPackageToolView.h">
      <Filter>Header Files</Filter>
    </ClInclude>
    <ClInclude Include="wtl\Include\atlapp.h">
      <Filter>Header Files\wtl</Filter>
    </ClInclude>
    <ClInclude Include="wtl\Include\atlcrack.h">
      <Filter>Header Files\wtl</Filter>
    </ClInclude>
    <ClInclude Include="wtl\Include\atlctrls.h">
      <Filter>Header Files\wtl</Filter>
    </ClInclude>
    <ClInclude Include="wtl\Include\atlctrlw.h">
      <Filter>Header Files\wtl</Filter>
    </ClInclude>
    <ClInclude Include="wtl\Include\atlctrlx.h">
      <Filter>Header Files\wtl</Filter>
    </ClInclude>
    <ClInclude Include="wtl\Include\atlddx.h">
      <Filter>Header Files\wtl</Filter>
    </ClInclude>
    <ClInclude Include="wtl\Include\atldlgs.h">
      <Filter>Header Files\wtl</Filter>
    </ClInclude>
    <ClInclude Include="wtl\Include\atldwm.h">
      <Filter>Header Files\wtl</Filter>
    </ClInclude>
    <ClInclude Include="wtl\Include\atlfind.h">
      <Filter>Header Files\wtl</Filter>
    </ClInclude>
    <ClInclude Include="wtl\Include\atlframe.h">
      <Filter>Header Files\wtl</Filter>
    </ClInclude>
    <ClInclude Include="wtl\Include\atlgdi.h">
      <Filter>Header Files\wtl</Filter>
    </ClInclude>
    <ClInclude Include="wtl\Include\atlmisc.h">
      <Filter>Header Files\wtl</Filter>
    </ClInclude>
    <ClInclude Include="wtl\Include\atlprint.h">
      <Filter>Header Files\wtl</Filter>
    </ClInclude>
    <ClInclude Include="wtl\Include\atlres.h">
      <Filter>Header Files\wtl</Filter>
    </ClInclude>
    <ClInclude Include="wtl\Include\atlresce.h">
      <Filter>Header Files\wtl</Filter>
    </ClInclude>
    <ClInclude Include="wtl\Include\atlribbon.h">
      <Filter>Header Files\wtl</Filter>
    </ClInclude>
    <ClInclude Include="wtl\Include\atlscrl.h">
      <Filter>Header Files\wtl</Filter>
    </ClInclude>
    <ClInclude Include="wtl\Include\atlsplit.h">
      <Filter>Header Files\wtl</Filter>
    </ClInclude>
    <ClInclude Include="wtl\Include\atltheme.h">
      <Filter>Header Files\wtl</Filter>
    </ClInclude>
    <ClInclude Include="wtl\Include\atluser.h">
      <Filter>Header Files\wtl</Filter>
    </ClInclude>
    <ClInclude Include="wtl\Include\atlwince.h">
      <Filter>Header Files\wtl</Filter>
    </ClInclude>
    <ClInclude Include="wtl\Include\atlwinx.h">
      <Filter>Header Files\wtl</Filter>
    </ClInclude>
  </ItemGroup>
  <ItemGroup>
    <ResourceCompile Include="MabinogiPackageTool.WTL.rc">
      <Filter>Resource Files</Filter>
    </ResourceCompile>
  </ItemGroup>
  <ItemGroup>
    <Image Include="res\toolbar.bmp">
      <Filter>Resource Files</Filter>
    </Image>
    <Image Include="res\MabinogiPackageTool.WTL.ico">
      <Filter>Resource Files</Filter>
    </Image>
  </ItemGroup>
</Project>